// !$*UTF8*$!
{
	archiveVersion = 1;
	classes = {
	};
	objectVersion = 48;
	objects = {

/* Begin PBXBuildFile section */
		26476916203A9C10002C3EE3 /* AppDelegate.m in Sources */ = {isa = PBXBuildFile; fileRef = 26476915203A9C10002C3EE3 /* AppDelegate.m */; };
		26476919203A9C10002C3EE3 /* ViewController.m in Sources */ = {isa = PBXBuildFile; fileRef = 26476918203A9C10002C3EE3 /* ViewController.m */; };
		2647691C203A9C10002C3EE3 /* Main.storyboard in Resources */ = {isa = PBXBuildFile; fileRef = 2647691A203A9C10002C3EE3 /* Main.storyboard */; };
		2647691E203A9C10002C3EE3 /* Assets.xcassets in Resources */ = {isa = PBXBuildFile; fileRef = 2647691D203A9C10002C3EE3 /* Assets.xcassets */; };
		26476921203A9C10002C3EE3 /* LaunchScreen.storyboard in Resources */ = {isa = PBXBuildFile; fileRef = 2647691F203A9C10002C3EE3 /* LaunchScreen.storyboard */; };
		26476924203A9C10002C3EE3 /* main.m in Sources */ = {isa = PBXBuildFile; fileRef = 26476923203A9C10002C3EE3 /* main.m */; };
		2647692B203A9E9C002C3EE3 /* images.jpeg in Resources */ = {isa = PBXBuildFile; fileRef = 2647692A203A9E9C002C3EE3 /* images.jpeg */; };
		2647692D203A9F9B002C3EE3 /* road.jpeg in Resources */ = {isa = PBXBuildFile; fileRef = 2647692C203A9F9B002C3EE3 /* road.jpeg */; };
		26476930203AA064002C3EE3 /* car1.png in Resources */ = {isa = PBXBuildFile; fileRef = 2647692E203AA064002C3EE3 /* car1.png */; };
		26476931203AA064002C3EE3 /* car.png in Resources */ = {isa = PBXBuildFile; fileRef = 2647692F203AA064002C3EE3 /* car.png */; };
		26476934203AA709002C3EE3 /* British-airways_icon.png in Resources */ = {isa = PBXBuildFile; fileRef = 26476932203AA709002C3EE3 /* British-airways_icon.png */; };
		26476935203AA709002C3EE3 /* british-airways-plane-transparent-background.png in Resources */ = {isa = PBXBuildFile; fileRef = 26476933203AA709002C3EE3 /* british-airways-plane-transparent-background.png */; };
		26476937203AA714002C3EE3 /* guyparachute.gif in Resources */ = {isa = PBXBuildFile; fileRef = 26476936203AA713002C3EE3 /* guyparachute.gif */; };
/* End PBXBuildFile section */

/* Begin PBXFileReference section */
		26476911203A9C10002C3EE3 /* AnimationCore.app */ = {isa = PBXFileReference; explicitFileType = wrapper.application; includeInIndex = 0; path = AnimationCore.app; sourceTree = BUILT_PRODUCTS_DIR; };
		26476914203A9C10002C3EE3 /* AppDelegate.h */ = {isa = PBXFileReference; lastKnownFileType = sourcecode.c.h; path = AppDelegate.h; sourceTree = "<group>"; };
		26476915203A9C10002C3EE3 /* AppDelegate.m */ = {isa = PBXFileReference; lastKnownFileType = sourcecode.c.objc; path = AppDelegate.m; sourceTree = "<group>"; };
		26476917203A9C10002C3EE3 /* ViewController.h */ = {isa = PBXFileReference; lastKnownFileType = sourcecode.c.h; path = ViewController.h; sourceTree = "<group>"; };
		26476918203A9C10002C3EE3 /* ViewController.m */ = {isa = PBXFileReference; lastKnownFileType = sourcecode.c.objc; path = ViewController.m; sourceTree = "<group>"; };
		2647691B203A9C10002C3EE3 /* Base */ = {isa = PBXFileReference; lastKnownFileType = file.storyboard; name = Base; path = Base.lproj/Main.storyboard; sourceTree = "<group>"; };
		2647691D203A9C10002C3EE3 /* Assets.xcassets */ = {isa = PBXFileReference; lastKnownFileType = folder.assetcatalog; path = Assets.xcassets; sourceTree = "<group>"; };
		26476920203A9C10002C3EE3 /* Base */ = {isa = PBXFileReference; lastKnownFileType = file.storyboard; name = Base; path = Base.lproj/LaunchScreen.storyboard; sourceTree = "<group>"; };
		26476922203A9C10002C3EE3 /* Info.plist */ = {isa = PBXFileReference; lastKnownFileType = text.plist.xml; path = Info.plist; sourceTree = "<group>"; };
		26476923203A9C10002C3EE3 /* main.m */ = {isa = PBXFileReference; lastKnownFileType = sourcecode.c.objc; path = main.m; sourceTree = "<group>"; };
		2647692A203A9E9C002C3EE3 /* images.jpeg */ = {isa = PBXFileReference; lastKnownFileType = image.jpeg; path = images.jpeg; sourceTree = "<group>"; };
		2647692C203A9F9B002C3EE3 /* road.jpeg */ = {isa = PBXFileReference; lastKnownFileType = image.jpeg; path = road.jpeg; sourceTree = "<group>"; };
		2647692E203AA064002C3EE3 /* car1.png */ = {isa = PBXFileReference; lastKnownFileType = image.png; path = car1.png; sourceTree = "<group>"; };
		2647692F203AA064002C3EE3 /* car.png */ = {isa = PBXFileReference; lastKnownFileType = image.png; path = car.png; sourceTree = "<group>"; };
		26476932203AA709002C3EE3 /* British-airways_icon.png */ = {isa = PBXFileReference; lastKnownFileType = image.png; path = "British-airways_icon.png"; sourceTree = "<group>"; };
		26476933203AA709002C3EE3 /* british-airways-plane-transparent-background.png */ = {isa = PBXFileReference; lastKnownFileType = image.png; path = "british-airways-plane-transparent-background.png"; sourceTree = "<group>"; };
		26476936203AA713002C3EE3 /* guyparachute.gif */ = {isa = PBXFileReference; lastKnownFileType = image.gif; path = guyparachute.gif; sourceTree = "<group>"; };
/* End PBXFileReference section */

/* Begin PBXFrameworksBuildPhase section */
		2647690E203A9C10002C3EE3 /* Frameworks */ = {
			isa = PBXFrameworksBuildPhase;
			buildActionMask = 2147483647;
			files = (
			);
			runOnlyForDeploymentPostprocessing = 0;
		};
/* End PBXFrameworksBuildPhase section */

/* Begin PBXGroup section */
		26476908203A9C10002C3EE3 = {
			isa = PBXGroup;
			children = (
				26476913203A9C10002C3EE3 /* AnimationCore */,
				26476912203A9C10002C3EE3 /* Products */,
			);
			sourceTree = "<group>";
		};
		26476912203A9C10002C3EE3 /* Products */ = {
			isa = PBXGroup;
			children = (
				26476911203A9C10002C3EE3 /* AnimationCore.app */,
			);
			name = Products;
			sourceTree = "<group>";
		};
		26476913203A9C10002C3EE3 /* AnimationCore */ = {
			isa = PBXGroup;
			children = (
				26476936203AA713002C3EE3 /* guyparachute.gif */,
				26476932203AA709002C3EE3 /* British-airways_icon.png */,
				26476933203AA709002C3EE3 /* british-airways-plane-transparent-background.png */,
				2647692F203AA064002C3EE3 /* car.png */,
				2647692E203AA064002C3EE3 /* car1.png */,
				2647692C203A9F9B002C3EE3 /* road.jpeg */,
				2647692A203A9E9C002C3EE3 /* images.jpeg */,
				26476914203A9C10002C3EE3 /* AppDelegate.h */,
				26476915203A9C10002C3EE3 /* AppDelegate.m */,
				26476917203A9C10002C3EE3 /* ViewController.h */,
				26476918203A9C10002C3EE3 /* ViewController.m */,
				2647691A203A9C10002C3EE3 /* Main.storyboard */,
				2647691D203A9C10002C3EE3 /* Assets.xcassets */,
				2647691F203A9C10002C3EE3 /* LaunchScreen.storyboard */,
				26476922203A9C10002C3EE3 /* Info.plist */,
				26476923203A9C10002C3EE3 /* main.m */,
			);
			path = AnimationCore;
			sourceTree = "<group>";
		};
/* End PBXGroup section */

/* Begin PBXNativeTarget section */
		26476910203A9C10002C3EE3 /* AnimationCore */ = {
			isa = PBXNativeTarget;
			buildConfigurationList = 26476927203A9C10002C3EE3 /* Build configuration list for PBXNativeTarget "AnimationCore" */;
			buildPhases = (
				2647690D203A9C10002C3EE3 /* Sources */,
				2647690E203A9C10002C3EE3 /* Frameworks */,
				2647690F203A9C10002C3EE3 /* Resources */,
			);
			buildRules = (
			);
			dependencies = (
			);
			name = AnimationCore;
			productName = AnimationCore;
			productReference = 26476911203A9C10002C3EE3 /* AnimationCore.app */;
			productType = "com.apple.product-type.application";
		};
/* End PBXNativeTarget section */

/* Begin PBXProject section */
		26476909203A9C10002C3EE3 /* Project object */ = {
			isa = PBXProject;
			attributes = {
				LastUpgradeCheck = 0900;
				ORGANIZATIONNAME = Sami;
				TargetAttributes = {
					26476910203A9C10002C3EE3 = {
						CreatedOnToolsVersion = 9.0;
						ProvisioningStyle = Automatic;
					};
				};
			};
			buildConfigurationList = 2647690C203A9C10002C3EE3 /* Build configuration list for PBXProject "AnimationCore" */;
			compatibilityVersion = "Xcode 8.0";
			developmentRegion = en;
			hasScannedForEncodings = 0;
			knownRegions = (
				en,
				Base,
			);
			mainGroup = 26476908203A9C10002C3EE3;
			productRefGroup = 26476912203A9C10002C3EE3 /* Products */;
			projectDirPath = "";
			projectRoot = "";
			targets = (
				26476910203A9C10002C3EE3 /* AnimationCore */,
			);
		};
/* End PBXProject section */

/* Begin PBXResourcesBuildPhase section */
		2647690F203A9C10002C3EE3 /* Resources */ = {
			isa = PBXResourcesBuildPhase;
			buildActionMask = 2147483647;
			files = (
				26476931203AA064002C3EE3 /* car.png in Resources */,
				26476921203A9C10002C3EE3 /* LaunchScreen.storyboard in Resources */,
				2647692B203A9E9C002C3EE3 /* images.jpeg in Resources */,
				26476930203AA064002C3EE3 /* car1.png in Resources */,
				26476937203AA714002C3EE3 /* guyparachute.gif in Resources */,
				2647691E203A9C10002C3EE3 /* Assets.xcassets in Resources */,
				26476934203AA709002C3EE3 /* British-airways_icon.png in Resources */,
				26476935203AA709002C3EE3 /* british-airways-plane-transparent-background.png in Resources */,
				2647692D203A9F9B002C3EE3 /* road.jpeg in Resources */,
				2647691C203A9C10002C3EE3 /* Main.storyboard in Resources */,
			);
			runOnlyForDeploymentPostprocessing = 0;
		};
/* End PBXResourcesBuildPhase section */

/* Begin PBXSourcesBuildPhase section */
		2647690D203A9C10002C3EE3 /* Sources */ = {
			isa = PBXSourcesBuildPhase;
			buildActionMask = 2147483647;
			files = (
				26476919203A9C10002C3EE3 /* ViewController.m in Sources */,
				26476924203A9C10002C3EE3 /* main.m in Sources */,
				26476916203A9C10002C3EE3 /* AppDelegate.m in Sources */,
			);
			runOnlyForDeploymentPostprocessing = 0;
		};
/* End PBXSourcesBuildPhase section */

/* Begin PBXVariantGroup section */
		2647691A203A9C10002C3EE3 /* Main.storyboard */ = {
			isa = PBXVariantGroup;
			children = (
				2647691B203A9C10002C3EE3 /* Base */,
			);
			name = Main.storyboard;
			sourceTree = "<group>";
		};
		2647691F203A9C10002C3EE3 /* LaunchScreen.storyboard */ = {
			isa = PBXVariantGroup;
			children = (
				26476920203A9C10002C3EE3 /* Base */,
			);
			name = LaunchScreen.storyboard;
			sourceTree = "<group>";
		};
/* End PBXVariantGroup section */

/* Begin XCBuildConfiguration section */
		26476925203A9C10002C3EE3 /* Debug */ = {
			isa = XCBuildConfiguration;
			buildSettings = {
				ALWAYS_SEARCH_USER_PATHS = NO;
				CLANG_ANALYZER_NONNULL = YES;
				CLANG_ANALYZER_NUMBER_OBJECT_CONVERSION = YES_AGGRESSIVE;
				CLANG_CXX_LANGUAGE_STANDARD = "gnu++14";
				CLANG_CXX_LIBRARY = "libc++";
				CLANG_ENABLE_MODULES = YES;
				CLANG_ENABLE_OBJC_ARC = YES;
				CLANG_WARN_BLOCK_CAPTURE_AUTORELEASING = YES;
				CLANG_WARN_BOOL_CONVERSION = YES;
				CLANG_WARN_COMMA = YES;
				CLANG_WARN_CONSTANT_CONVERSION = YES;
				CLANG_WARN_DIRECT_OBJC_ISA_USAGE = YES_ERROR;
				CLANG_WARN_DOCUMENTATION_COMMENTS = YES;
				CLANG_WARN_EMPTY_BODY = YES;
				CLANG_WARN_ENUM_CONVERSION = YES;
				CLANG_WARN_INFINITE_RECURSION = YES;
				CLANG_WARN_INT_CONVERSION = YES;
				CLANG_WARN_NON_LITERAL_NULL_CONVERSION = YES;
				CLANG_WARN_OBJC_LITERAL_CONVERSION = YES;
				CLANG_WARN_OBJC_ROOT_CLASS = YES_ERROR;
				CLANG_WARN_RANGE_LOOP_ANALYSIS = YES;
				CLANG_WARN_STRICT_PROTOTYPES = YES;
				CLANG_WARN_SUSPICIOUS_MOVE = YES;
				CLANG_WARN_UNGUARDED_AVAILABILITY = YES_AGGRESSIVE;
				CLANG_WARN_UNREACHABLE_CODE = YES;
				CLANG_WARN__DUPLICATE_METHOD_MATCH = YES;
				CODE_SIGN_IDENTITY = "iPhone Developer";
				COPY_PHASE_STRIP = NO;
				DEBUG_INFORMATION_FORMAT = dwarf;
				ENABLE_STRICT_OBJC_MSGSEND = YES;
				ENABLE_TESTABILITY = YES;
				GCC_C_LANGUAGE_STANDARD = gnu11;
				GCC_DYNAMIC_NO_PIC = NO;
				GCC_NO_COMMON_BLOCKS = YES;
				GCC_OPTIMIZATION_LEVEL = 0;
				GCC_PREPROCESSOR_DEFINITIONS = (
					"DEBUG=1",
					"$(inherited)",
				);
				GCC_WARN_64_TO_32_BIT_CONVERSION = YES;
				GCC_WARN_ABOUT_RETURN_TYPE = YES_ERROR;
				GCC_WARN_UNDECLARED_SELECTOR = YES;
				GCC_WARN_UNINITIALIZED_AUTOS = YES_AGGRESSIVE;
				GCC_WARN_UNUSED_FUNCTION = YES;
				GCC_WARN_UNUSED_VARIABLE = YES;
				IPHONEOS_DEPLOYMENT_TARGET = 11.0;
				MTL_ENABLE_DEBUG_INFO = YES;
				ONLY_ACTIVE_ARCH = YES;
				SDKROOT = iphoneos;
			};
			name = Debug;
		};
		26476926203A9C10002C3EE3 /* Release */ = {
			isa = XCBuildConfiguration;
			buildSettings = {
				ALWAYS_SEARCH_USER_PATHS = NO;
				CLANG_ANALYZER_NONNULL = YES;
				CLANG_ANALYZER_NUMBER_OBJECT_CONVERSION = YES_AGGRESSIVE;
				CLANG_CXX_LANGUAGE_STANDARD = "gnu++14";
				CLANG_CXX_LIBRARY = "libc++";
				CLANG_ENABLE_MODULES = YES;
				CLANG_ENABLE_OBJC_ARC = YES;
				CLANG_WARN_BLOCK_CAPTURE_AUTORELEASING = YES;
				CLANG_WARN_BOOL_CONVERSION = YES;
				CLANG_WARN_COMMA = YES;
				CLANG_WARN_CONSTANT_CONVERSION = YES;
				CLANG_WARN_DIRECT_OBJC_ISA_USAGE = YES_ERROR;
				CLANG_WARN_DOCUMENTATION_COMMENTS = YES;
				CLANG_WARN_EMPTY_BODY = YES;
				CLANG_WARN_ENUM_CONVERSION = YES;
				CLANG_WARN_INFINITE_RECURSION = YES;
				CLANG_WARN_INT_CONVERSION = YES;
				CLANG_WARN_NON_LITERAL_NULL_CONVERSION = YES;
				CLANG_WARN_OBJC_LITERAL_CONVERSION = YES;
				CLANG_WARN_OBJC_ROOT_CLASS = YES_ERROR;
				CLANG_WARN_RANGE_LOOP_ANALYSIS = YES;
				CLANG_WARN_STRICT_PROTOTYPES = YES;
				CLANG_WARN_SUSPICIOUS_MOVE = YES;
				CLANG_WARN_UNGUARDED_AVAILABILITY = YES_AGGRESSIVE;
				CLANG_WARN_UNREACHABLE_CODE = YES;
				CLANG_WARN__DUPLICATE_METHOD_MATCH = YES;
				CODE_SIGN_IDENTITY = "iPhone Developer";
				COPY_PHASE_STRIP = NO;
				DEBUG_INFORMATION_FORMAT = "dwarf-with-dsym";
				ENABLE_NS_ASSERTIONS = NO;
				ENABLE_STRICT_OBJC_MSGSEND = YES;
				GCC_C_LANGUAGE_STANDARD = gnu11;
				GCC_NO_COMMON_BLOCKS = YES;
				GCC_WARN_64_TO_32_BIT_CONVERSION = YES;
				GCC_WARN_ABOUT_RETURN_TYPE = YES_ERROR;
				GCC_WARN_UNDECLARED_SELECTOR = YES;
				GCC_WARN_UNINITIALIZED_AUTOS = YES_AGGRESSIVE;
				GCC_WARN_UNUSED_FUNCTION = YES;
				GCC_WARN_UNUSED_VARIABLE = YES;
				IPHONEOS_DEPLOYMENT_TARGET = 11.0;
				MTL_ENABLE_DEBUG_INFO = NO;
				SDKROOT = iphoneos;
				VALIDATE_PRODUCT = YES;
			};
			name = Release;
		};
		26476928203A9C10002C3EE3 /* Debug */ = {
			isa = XCBuildConfiguration;
			buildSettings = {
				ASSETCATALOG_COMPILER_APPICON_NAME = AppIcon;
				CODE_SIGN_STYLE = Automatic;
				DEVELOPMENT_TEAM = J654DD59XE;
				INFOPLIST_FILE = AnimationCore/Info.plist;
				IPHONEOS_DEPLOYMENT_TARGET = 10.1;
				LD_RUNPATH_SEARCH_PATHS = "$(inherited) @executable_path/Frameworks";
				PRODUCT_BUNDLE_IDENTIFIER = com.AnimationCore;
				PRODUCT_NAME = "$(TARGET_NAME)";
				TARGETED_DEVICE_FAMILY = "1,2";
			};
			name = Debug;
		};
		26476929203A9C10002C3EE3 /* Release */ = {
			isa = XCBuildConfiguration;
			buildSettings = {
				ASSETCATALOG_COMPILER_APPICON_NAME = AppIcon;
				CODE_SIGN_STYLE = Automatic;
				DEVELOPMENT_TEAM = J654DD59XE;
				INFOPLIST_FILE = AnimationCore/Info.plist;
				IPHONEOS_DEPLOYMENT_TARGET = 10.1;
				LD_RUNPATH_SEARCH_PATHS = "$(inherited) @executable_path/Frameworks";
				PRODUCT_BUNDLE_IDENTIFIER = com.AnimationCore;
				PRODUCT_NAME = "$(TARGET_NAME)";
				TARGETED_DEVICE_FAMILY = "1,2";
			};
			name = Release;
		};
/* End XCBuildConfiguration section */

/* Begin XCConfigurationList section */
		2647690C203A9C10002C3EE3 /* Build configuration list for PBXProject "AnimationCore" */ = {
			isa = XCConfigurationList;
			buildConfigurations = (
				26476925203A9C10002C3EE3 /* Debug */,
				26476926203A9C10002C3EE3 /* Release */,
			);
			defaultConfigurationIsVisible = 0;
			defaultConfigurationName = Release;
		};
		26476927203A9C10002C3EE3 /* Build configuration list for PBXNativeTarget "AnimationCore" */ = {
			isa = XCConfigurationList;
			buildConfigurations = (
				26476928203A9C10002C3EE3 /* Debug */,
				26476929203A9C10002C3EE3 /* Release */,
			);
			defaultConfigurationIsVisible = 0;
			defaultConfigurationName = Release;
		};
/* End XCConfigurationList section */
	};
	rootObject = 26476909203A9C10002C3EE3 /* Project object */;
}
